// !$*UTF8*$!
{
	archiveVersion = 1;
	classes = {
	};
	objectVersion = 46;
	objects = {

/* Begin PBXBuildFile section */
		0F6DC0C71F74C38C00A12C9B /* LaunchScreen.xib in Resources */ = {isa = PBXBuildFile; fileRef = 0F6DC0C61F74C38C00A12C9B /* LaunchScreen.xib */; };
		0F6DC0C91F74C40A00A12C9B /* ViewController.swift in Sources */ = {isa = PBXBuildFile; fileRef = 0F6DC0C81F74C40A00A12C9B /* ViewController.swift */; };
		0F6DC0CB1F74C4BD00A12C9B /* Main.storyboard in Resources */ = {isa = PBXBuildFile; fileRef = 0F6DC0CA1F74C4BD00A12C9B /* Main.storyboard */; };
		0FF728231F74B737004496E7 /* AppDelegate.swift in Sources */ = {isa = PBXBuildFile; fileRef = 0FF728221F74B737004496E7 /* AppDelegate.swift */; };
		0FF728351F74B7E7004496E7 /* GoogleService-Info.plist in Resources */ = {isa = PBXBuildFile; fileRef = 0FF728341F74B7E7004496E7 /* GoogleService-Info.plist */; };
		0FF728381F74BF4B004496E7 /* Images.xcassets in Resources */ = {isa = PBXBuildFile; fileRef = 0FF728371F74BF4B004496E7 /* Images.xcassets */; };
		0FF7283A1F74C092004496E7 /* assets in Resources */ = {isa = PBXBuildFile; fileRef = 0FF728391F74C092004496E7 /* assets */; };
		9B753C44FB7D1416A496F1C8 /* Pods_FCM_iOS.framework in Frameworks */ = {isa = PBXBuildFile; fileRef = 63A52387B0671FED47547702 /* Pods_FCM_iOS.framework */; };
/* End PBXBuildFile section */

/* Begin PBXFileReference section */
		0F6DC0C61F74C38C00A12C9B /* LaunchScreen.xib */ = {isa = PBXFileReference; fileEncoding = 4; lastKnownFileType = file.xib; path = LaunchScreen.xib; sourceTree = "<group>"; };
		0F6DC0C81F74C40A00A12C9B /* ViewController.swift */ = {isa = PBXFileReference; fileEncoding = 4; lastKnownFileType = sourcecode.swift; path = ViewController.swift; sourceTree = "<group>"; };
		0F6DC0CA1F74C4BD00A12C9B /* Main.storyboard */ = {isa = PBXFileReference; fileEncoding = 4; lastKnownFileType = file.storyboard; path = Main.storyboard; sourceTree = "<group>"; };
		0FF7281F1F74B737004496E7 /* FCM-iOS.app */ = {isa = PBXFileReference; explicitFileType = wrapper.application; includeInIndex = 0; path = "FCM-iOS.app"; sourceTree = BUILT_PRODUCTS_DIR; };
		0FF728221F74B737004496E7 /* AppDelegate.swift */ = {isa = PBXFileReference; lastKnownFileType = sourcecode.swift; path = AppDelegate.swift; sourceTree = "<group>"; };
		0FF7282E1F74B737004496E7 /* Info.plist */ = {isa = PBXFileReference; lastKnownFileType = text.plist.xml; path = Info.plist; sourceTree = "<group>"; };
		0FF728341F74B7E7004496E7 /* GoogleService-Info.plist */ = {isa = PBXFileReference; fileEncoding = 4; lastKnownFileType = text.plist.xml; path = "GoogleService-Info.plist"; sourceTree = "<group>"; };
		0FF728361F74BBF6004496E7 /* FCM-iOS.entitlements */ = {isa = PBXFileReference; lastKnownFileType = text.plist.entitlements; path = "FCM-iOS.entitlements"; sourceTree = "<group>"; };
		0FF728371F74BF4B004496E7 /* Images.xcassets */ = {isa = PBXFileReference; lastKnownFileType = folder.assetcatalog; path = Images.xcassets; sourceTree = "<group>"; };
		0FF728391F74C092004496E7 /* assets */ = {isa = PBXFileReference; lastKnownFileType = folder; path = assets; sourceTree = "<group>"; };
		63A52387B0671FED47547702 /* Pods_FCM_iOS.framework */ = {isa = PBXFileReference; explicitFileType = wrapper.framework; includeInIndex = 0; path = Pods_FCM_iOS.framework; sourceTree = BUILT_PRODUCTS_DIR; };
		C6743D3050FE7B710D9F389B /* Pods-FCM-iOS.debug.xcconfig */ = {isa = PBXFileReference; includeInIndex = 1; lastKnownFileType = text.xcconfig; name = "Pods-FCM-iOS.debug.xcconfig"; path = "Pods/Target Support Files/Pods-FCM-iOS/Pods-FCM-iOS.debug.xcconfig"; sourceTree = "<group>"; };
		D6F407A2E6D1DB3AFC027DA6 /* Pods-FCM-iOS.release.xcconfig */ = {isa = PBXFileReference; includeInIndex = 1; lastKnownFileType = text.xcconfig; name = "Pods-FCM-iOS.release.xcconfig"; path = "Pods/Target Support Files/Pods-FCM-iOS/Pods-FCM-iOS.release.xcconfig"; sourceTree = "<group>"; };
/* End PBXFileReference section */

/* Begin PBXFrameworksBuildPhase section */
		0FF7281C1F74B737004496E7 /* Frameworks */ = {
			isa = PBXFrameworksBuildPhase;
			buildActionMask = 2147483647;
			files = (
				9B753C44FB7D1416A496F1C8 /* Pods_FCM_iOS.framework in Frameworks */,
			);
			runOnlyForDeploymentPostprocessing = 0;
		};
/* End PBXFrameworksBuildPhase section */

/* Begin PBXGroup section */
		0FF728161F74B737004496E7 = {
			isa = PBXGroup;
			children = (
				0FF728211F74B737004496E7 /* FCM-iOS */,
				0FF728201F74B737004496E7 /* Products */,
				3B292336FC118BA268E48683 /* Pods */,
				F18BD41A79FA904AC9D1BA1F /* Frameworks */,
			);
			sourceTree = "<group>";
		};
		0FF728201F74B737004496E7 /* Products */ = {
			isa = PBXGroup;
			children = (
				0FF7281F1F74B737004496E7 /* FCM-iOS.app */,
			);
			name = Products;
			sourceTree = "<group>";
		};
		0FF728211F74B737004496E7 /* FCM-iOS */ = {
			isa = PBXGroup;
			children = (
				0FF728361F74BBF6004496E7 /* FCM-iOS.entitlements */,
				0F6DC0C81F74C40A00A12C9B /* ViewController.swift */,
				0FF728221F74B737004496E7 /* AppDelegate.swift */,
				0FF728371F74BF4B004496E7 /* Images.xcassets */,
				0FF728391F74C092004496E7 /* assets */,
				0F6DC0C61F74C38C00A12C9B /* LaunchScreen.xib */,
				0F6DC0CA1F74C4BD00A12C9B /* Main.storyboard */,
				0FF728341F74B7E7004496E7 /* GoogleService-Info.plist */,
				0FF7282E1F74B737004496E7 /* Info.plist */,
			);
			path = "FCM-iOS";
			sourceTree = "<group>";
		};
		3B292336FC118BA268E48683 /* Pods */ = {
			isa = PBXGroup;
			children = (
				C6743D3050FE7B710D9F389B /* Pods-FCM-iOS.debug.xcconfig */,
				D6F407A2E6D1DB3AFC027DA6 /* Pods-FCM-iOS.release.xcconfig */,
			);
			name = Pods;
			sourceTree = "<group>";
		};
		F18BD41A79FA904AC9D1BA1F /* Frameworks */ = {
			isa = PBXGroup;
			children = (
				63A52387B0671FED47547702 /* Pods_FCM_iOS.framework */,
			);
			name = Frameworks;
			sourceTree = "<group>";
		};
/* End PBXGroup section */

/* Begin PBXNativeTarget section */
		0FF7281E1F74B737004496E7 /* FCM-iOS */ = {
			isa = PBXNativeTarget;
			buildConfigurationList = 0FF728311F74B737004496E7 /* Build configuration list for PBXNativeTarget "FCM-iOS" */;
			buildPhases = (
				B76D125918E1F5E9BA6DB4C5 /* [CP] Check Pods Manifest.lock */,
				0FF7281B1F74B737004496E7 /* Sources */,
				0FF7281C1F74B737004496E7 /* Frameworks */,
				0FF7281D1F74B737004496E7 /* Resources */,
				07537E6E57C319B0EAD4FFDF /* [CP] Embed Pods Frameworks */,
				B75139393AF7F38B3B849910 /* [CP] Copy Pods Resources */,
			);
			buildRules = (
			);
			dependencies = (
			);
			name = "FCM-iOS";
			productName = "FCM-iOS";
			productReference = 0FF7281F1F74B737004496E7 /* FCM-iOS.app */;
			productType = "com.apple.product-type.application";
		};
/* End PBXNativeTarget section */

/* Begin PBXProject section */
		0FF728171F74B737004496E7 /* Project object */ = {
			isa = PBXProject;
			attributes = {
				LastSwiftUpdateCheck = 0830;
				LastUpgradeCheck = 0830;
				ORGANIZATIONNAME = "Weber Software Solutions";
				TargetAttributes = {
					0FF7281E1F74B737004496E7 = {
						CreatedOnToolsVersion = 8.3.3;
						DevelopmentTeam = 2RY89Q7RCD;
						LastSwiftMigration = 0830;
						ProvisioningStyle = Automatic;
						SystemCapabilities = {
							com.apple.BackgroundModes = {
								enabled = 1;
							};
							com.apple.Push = {
								enabled = 1;
							};
						};
					};
				};
			};
			buildConfigurationList = 0FF7281A1F74B737004496E7 /* Build configuration list for PBXProject "FCM-iOS" */;
			compatibilityVersion = "Xcode 3.2";
			developmentRegion = English;
			hasScannedForEncodings = 0;
			knownRegions = (
				en,
				Base,
			);
			mainGroup = 0FF728161F74B737004496E7;
			productRefGroup = 0FF728201F74B737004496E7 /* Products */;
			projectDirPath = "";
			projectRoot = "";
			targets = (
				0FF7281E1F74B737004496E7 /* FCM-iOS */,
			);
		};
/* End PBXProject section */

/* Begin PBXResourcesBuildPhase section */
		0FF7281D1F74B737004496E7 /* Resources */ = {
			isa = PBXResourcesBuildPhase;
			buildActionMask = 2147483647;
			files = (
				0F6DC0C71F74C38C00A12C9B /* LaunchScreen.xib in Resources */,
				0F6DC0CB1F74C4BD00A12C9B /* Main.storyboard in Resources */,
				0FF728381F74BF4B004496E7 /* Images.xcassets in Resources */,
				0FF728351F74B7E7004496E7 /* GoogleService-Info.plist in Resources */,
				0FF7283A1F74C092004496E7 /* assets in Resources */,
			);
			runOnlyForDeploymentPostprocessing = 0;
		};
/* End PBXResourcesBuildPhase section */

/* Begin PBXShellScriptBuildPhase section */
		07537E6E57C319B0EAD4FFDF /* [CP] Embed Pods Frameworks */ = {
			isa = PBXShellScriptBuildPhase;
			buildActionMask = 2147483647;
			files = (
			);
			inputPaths = (
				"${SRCROOT}/Pods/Target Support Files/Pods-FCM-iOS/Pods-FCM-iOS-frameworks.sh",
				"${BUILT_PRODUCTS_DIR}/GoogleToolboxForMac/GoogleToolboxForMac.framework",
				"${BUILT_PRODUCTS_DIR}/Protobuf/Protobuf.framework",
				"${BUILT_PRODUCTS_DIR}/nanopb/nanopb.framework",
			);
			name = "[CP] Embed Pods Frameworks";
			outputPaths = (
				"${TARGET_BUILD_DIR}/${FRAMEWORKS_FOLDER_PATH}/GoogleToolboxForMac.framework",
				"${TARGET_BUILD_DIR}/${FRAMEWORKS_FOLDER_PATH}/Protobuf.framework",
				"${TARGET_BUILD_DIR}/${FRAMEWORKS_FOLDER_PATH}/nanopb.framework",
			);
			runOnlyForDeploymentPostprocessing = 0;
			shellPath = /bin/sh;
			shellScript = "\"${SRCROOT}/Pods/Target Support Files/Pods-FCM-iOS/Pods-FCM-iOS-frameworks.sh\"\n";
			showEnvVarsInLog = 0;
		};
		B75139393AF7F38B3B849910 /* [CP] Copy Pods Resources */ = {
			isa = PBXShellScriptBuildPhase;
			buildActionMask = 2147483647;
			files = (
			);
			inputPaths = (
			);
			name = "[CP] Copy Pods Resources";
			outputPaths = (
			);
			runOnlyForDeploymentPostprocessing = 0;
			shellPath = /bin/sh;
			shellScript = "\"${SRCROOT}/Pods/Target Support Files/Pods-FCM-iOS/Pods-FCM-iOS-resources.sh\"\n";
			showEnvVarsInLog = 0;
		};
		B76D125918E1F5E9BA6DB4C5 /* [CP] Check Pods Manifest.lock */ = {
			isa = PBXShellScriptBuildPhase;
			buildActionMask = 2147483647;
			files = (
			);
			inputPaths = (
				"${PODS_PODFILE_DIR_PATH}/Podfile.lock",
				"${PODS_ROOT}/Manifest.lock",
			);
			name = "[CP] Check Pods Manifest.lock";
			outputPaths = (
				"$(DERIVED_FILE_DIR)/Pods-FCM-iOS-checkManifestLockResult.txt",
			);
			runOnlyForDeploymentPostprocessing = 0;
			shellPath = /bin/sh;
			shellScript = "diff \"${PODS_PODFILE_DIR_PATH}/Podfile.lock\" \"${PODS_ROOT}/Manifest.lock\" > /dev/null\nif [ $? != 0 ] ; then\n    # print error to STDERR\n    echo \"error: The sandbox is not in sync with the Podfile.lock. Run 'pod install' or update your CocoaPods installation.\" >&2\n    exit 1\nfi\n# This output is used by Xcode 'outputs' to avoid re-running this script phase.\necho \"SUCCESS\" > \"${SCRIPT_OUTPUT_FILE_0}\"\n";
			showEnvVarsInLog = 0;
		};
/* End PBXShellScriptBuildPhase section */

/* Begin PBXSourcesBuildPhase section */
		0FF7281B1F74B737004496E7 /* Sources */ = {
			isa = PBXSourcesBuildPhase;
			buildActionMask = 2147483647;
			files = (
				0F6DC0C91F74C40A00A12C9B /* ViewController.swift in Sources */,
				0FF728231F74B737004496E7 /* AppDelegate.swift in Sources */,
			);
			runOnlyForDeploymentPostprocessing = 0;
		};
/* End PBXSourcesBuildPhase section */

/* Begin XCBuildConfiguration section */
		0FF7282F1F74B737004496E7 /* Debug */ = {
			isa = XCBuildConfiguration;
			buildSettings = {
				ALWAYS_SEARCH_USER_PATHS = NO;
				CLANG_ANALYZER_NONNULL = YES;
				CLANG_ANALYZER_NUMBER_OBJECT_CONVERSION = YES_AGGRESSIVE;
				CLANG_CXX_LANGUAGE_STANDARD = "gnu++0x";
				CLANG_CXX_LIBRARY = "libc++";
				CLANG_ENABLE_MODULES = YES;
				CLANG_ENABLE_OBJC_ARC = YES;
				CLANG_WARN_BOOL_CONVERSION = YES;
				CLANG_WARN_CONSTANT_CONVERSION = YES;
				CLANG_WARN_DIRECT_OBJC_ISA_USAGE = YES_ERROR;
				CLANG_WARN_DOCUMENTATION_COMMENTS = YES;
				CLANG_WARN_EMPTY_BODY = YES;
				CLANG_WARN_ENUM_CONVERSION = YES;
				CLANG_WARN_INFINITE_RECURSION = YES;
				CLANG_WARN_INT_CONVERSION = YES;
				CLANG_WARN_OBJC_ROOT_CLASS = YES_ERROR;
				CLANG_WARN_SUSPICIOUS_MOVE = YES;
				CLANG_WARN_UNREACHABLE_CODE = YES;
				CLANG_WARN__DUPLICATE_METHOD_MATCH = YES;
				"CODE_SIGN_IDENTITY[sdk=iphoneos*]" = "iPhone Developer";
				COPY_PHASE_STRIP = NO;
				DEBUG_INFORMATION_FORMAT = dwarf;
				DEVELOPMENT_TEAM = 2RY89Q7RCD;
				ENABLE_STRICT_OBJC_MSGSEND = YES;
				ENABLE_TESTABILITY = YES;
				GCC_C_LANGUAGE_STANDARD = gnu99;
				GCC_DYNAMIC_NO_PIC = NO;
				GCC_NO_COMMON_BLOCKS = YES;
				GCC_OPTIMIZATION_LEVEL = 0;
				GCC_PREPROCESSOR_DEFINITIONS = (
					"DEBUG=1",
					"$(inherited)",
				);
				GCC_WARN_64_TO_32_BIT_CONVERSION = YES;
				GCC_WARN_ABOUT_RETURN_TYPE = YES_ERROR;
				GCC_WARN_UNDECLARED_SELECTOR = YES;
				GCC_WARN_UNINITIALIZED_AUTOS = YES_AGGRESSIVE;
				GCC_WARN_UNUSED_FUNCTION = YES;
				GCC_WARN_UNUSED_VARIABLE = YES;
				IPHONEOS_DEPLOYMENT_TARGET = 10.3;
				MTL_ENABLE_DEBUG_INFO = YES;
				ONLY_ACTIVE_ARCH = YES;
				SDKROOT = iphoneos;
				SWIFT_ACTIVE_COMPILATION_CONDITIONS = DEBUG;
				SWIFT_OPTIMIZATION_LEVEL = "-Onone";
				TARGETED_DEVICE_FAMILY = "1,2";
			};
			name = Debug;
		};
		0FF728301F74B737004496E7 /* Release */ = {
			isa = XCBuildConfiguration;
			buildSettings = {
				ALWAYS_SEARCH_USER_PATHS = NO;
				CLANG_ANALYZER_NONNULL = YES;
				CLANG_ANALYZER_NUMBER_OBJECT_CONVERSION = YES_AGGRESSIVE;
				CLANG_CXX_LANGUAGE_STANDARD = "gnu++0x";
				CLANG_CXX_LIBRARY = "libc++";
				CLANG_ENABLE_MODULES = YES;
				CLANG_ENABLE_OBJC_ARC = YES;
				CLANG_WARN_BOOL_CONVERSION = YES;
				CLANG_WARN_CONSTANT_CONVERSION = YES;
				CLANG_WARN_DIRECT_OBJC_ISA_USAGE = YES_ERROR;
				CLANG_WARN_DOCUMENTATION_COMMENTS = YES;
				CLANG_WARN_EMPTY_BODY = YES;
				CLANG_WARN_ENUM_CONVERSION = YES;
				CLANG_WARN_INFINITE_RECURSION = YES;
				CLANG_WARN_INT_CONVERSION = YES;
				CLANG_WARN_OBJC_ROOT_CLASS = YES_ERROR;
				CLANG_WARN_SUSPICIOUS_MOVE = YES;
				CLANG_WARN_UNREACHABLE_CODE = YES;
				CLANG_WARN__DUPLICATE_METHOD_MATCH = YES;
				"CODE_SIGN_IDENTITY[sdk=iphoneos*]" = "iPhone Developer";
				COPY_PHASE_STRIP = NO;
				DEBUG_INFORMATION_FORMAT = "dwarf-with-dsym";
				DEVELOPMENT_TEAM = 2RY89Q7RCD;
				ENABLE_NS_ASSERTIONS = NO;
				ENABLE_STRICT_OBJC_MSGSEND = YES;
				GCC_C_LANGUAGE_STANDARD = gnu99;
				GCC_NO_COMMON_BLOCKS = YES;
				GCC_WARN_64_TO_32_BIT_CONVERSION = YES;
				GCC_WARN_ABOUT_RETURN_TYPE = YES_ERROR;
				GCC_WARN_UNDECLARED_SELECTOR = YES;
				GCC_WARN_UNINITIALIZED_AUTOS = YES_AGGRESSIVE;
				GCC_WARN_UNUSED_FUNCTION = YES;
				GCC_WARN_UNUSED_VARIABLE = YES;
				IPHONEOS_DEPLOYMENT_TARGET = 10.3;
				MTL_ENABLE_DEBUG_INFO = NO;
				SDKROOT = iphoneos;
				SWIFT_OPTIMIZATION_LEVEL = "-Owholemodule";
				TARGETED_DEVICE_FAMILY = "1,2";
				VALIDATE_PRODUCT = YES;
			};
			name = Release;
		};
		0FF728321F74B737004496E7 /* Debug */ = {
			isa = XCBuildConfiguration;
			baseConfigurationReference = C6743D3050FE7B710D9F389B /* Pods-FCM-iOS.debug.xcconfig */;
			buildSettings = {
				ASSETCATALOG_COMPILER_APPICON_NAME = AppIcon;
				CLANG_ENABLE_MODULES = YES;
				CODE_SIGN_ENTITLEMENTS = "FCM-iOS/FCM-iOS.entitlements";
				DEVELOPMENT_TEAM = 2RY89Q7RCD;
				INFOPLIST_FILE = "FCM-iOS/Info.plist";
				IPHONEOS_DEPLOYMENT_TARGET = 9.0;
				LD_RUNPATH_SEARCH_PATHS = "$(inherited) @executable_path/Frameworks";
				PRODUCT_BUNDLE_IDENTIFIER = "com.WeberSoftwareSolutions.FCM-iOS";
				PRODUCT_NAME = "$(TARGET_NAME)";
				SWIFT_OBJC_BRIDGING_HEADER = "";
				SWIFT_OPTIMIZATION_LEVEL = "-Onone";
				SWIFT_VERSION = 3.0;
				WATCHOS_DEPLOYMENT_TARGET = 3.2;
			};
			name = Debug;
		};
		0FF728331F74B737004496E7 /* Release */ = {
			isa = XCBuildConfiguration;
			baseConfigurationReference = D6F407A2E6D1DB3AFC027DA6 /* Pods-FCM-iOS.release.xcconfig */;
			buildSettings = {
				ASSETCATALOG_COMPILER_APPICON_NAME = AppIcon;
				CLANG_ENABLE_MODULES = YES;
				CODE_SIGN_ENTITLEMENTS = "FCM-iOS/FCM-iOS.entitlements";
				DEVELOPMENT_TEAM = 2RY89Q7RCD;
				INFOPLIST_FILE = "FCM-iOS/Info.plist";
				IPHONEOS_DEPLOYMENT_TARGET = 9.0;
				LD_RUNPATH_SEARCH_PATHS = "$(inherited) @executable_path/Frameworks";
				PRODUCT_BUNDLE_IDENTIFIER = "com.WeberSoftwareSolutions.FCM-iOS";
				PRODUCT_NAME = "$(TARGET_NAME)";
				SWIFT_OBJC_BRIDGING_HEADER = "";
				SWIFT_VERSION = 3.0;
				WATCHOS_DEPLOYMENT_TARGET = 3.2;
			};
			name = Release;
		};
/* End XCBuildConfiguration section */

/* Begin XCConfigurationList section */
		0FF7281A1F74B737004496E7 /* Build configuration list for PBXProject "FCM-iOS" */ = {
			isa = XCConfigurationList;
			buildConfigurations = (
				0FF7282F1F74B737004496E7 /* Debug */,
				0FF728301F74B737004496E7 /* Release */,
			);
			defaultConfigurationIsVisible = 0;
			defaultConfigurationName = Release;
		};
		0FF728311F74B737004496E7 /* Build configuration list for PBXNativeTarget "FCM-iOS" */ = {
			isa = XCConfigurationList;
			buildConfigurations = (
				0FF728321F74B737004496E7 /* Debug */,
				0FF728331F74B737004496E7 /* Release */,
			);
			defaultConfigurationIsVisible = 0;
			defaultConfigurationName = Release;
		};
/* End XCConfigurationList section */
	};
	rootObject = 0FF728171F74B737004496E7 /* Project object */;
}
